github.com/blackhat-go/bhg v0.0.0-20230306164658-7d3318a7a60b h1:ADBV6tPjfIzECopzQ5GWv43Tk5Cv86f0SARTee4j3Hc=
github.com/blackhat-go/bhg v0.0.0-20230306164658-7d3318a7a60b/go.mod h1:a42vHEya65PkqV3t+1Q0BLcL8QzkYaMPkK/duoDFV4c=
golang.org/x/crypto v0.17.0 h1:r8bRNjWL3GshPW3gkd+RpvzWrZAwPS49OmTGZ/uhM4k=
golang.org/x/crypto v0.17.0/go.mod h1:gCAAfMLgwOJRpTjQ2zCCt2OcSfYMTeZVSRtQlPC7Nq4=
